
Microsoft Visual Studio Solution File, Format Version 12.00
# Visual Studio Version 17
VisualStudioVersion = 17.8.34511.84
MinimumVisualStudioVersion = 10.0.40219.1
Project("{9A19103F-16F7-4668-BE54-9A1E7A4F7556}") = "FullStackTest.Services", "FullStackTest.Services\FullStackTest.Services.csproj", "{60874B89-A382-442E-9E4C-6C939D713ADA}"
EndProject
Project("{9A19103F-16F7-4668-BE54-9A1E7A4F7556}") = "FullStackTest.Client", "FullStackTest.Client\FullStackTest.Client.csproj", "{BB907253-9457-4C35-886C-6E905370E9B6}"
EndProject
Global
	GlobalSection(SolutionConfigurationPlatforms) = preSolution
		Debug|Any CPU = Debug|Any CPU
		Release|Any CPU = Release|Any CPU
	EndGlobalSection
	GlobalSection(ProjectConfigurationPlatforms) = postSolution
		{60874B89-A382-442E-9E4C-6C939D713ADA}.Debug|Any CPU.ActiveCfg = Debug|Any CPU
		{60874B89-A382-442E-9E4C-6C939D713ADA}.Debug|Any CPU.Build.0 = Debug|Any CPU
		{60874B89-A382-442E-9E4C-6C939D713ADA}.Release|Any CPU.ActiveCfg = Release|Any CPU
		{60874B89-A382-442E-9E4C-6C939D713ADA}.Release|Any CPU.Build.0 = Release|Any CPU
		{BB907253-9457-4C35-886C-6E905370E9B6}.Debug|Any CPU.ActiveCfg = Debug|Any CPU
		{BB907253-9457-4C35-886C-6E905370E9B6}.Debug|Any CPU.Build.0 = Debug|Any CPU
		{BB907253-9457-4C35-886C-6E905370E9B6}.Release|Any CPU.ActiveCfg = Release|Any CPU
		{BB907253-9457-4C35-886C-6E905370E9B6}.Release|Any CPU.Build.0 = Release|Any CPU
	EndGlobalSection
	GlobalSection(SolutionProperties) = preSolution
		HideSolutionNode = FALSE
	EndGlobalSection
	GlobalSection(ExtensibilityGlobals) = postSolution
		SolutionGuid = {61A18731-3ADC-4E39-8F4B-3D03A8AE04E7}
	EndGlobalSection
EndGlobal
